
Microsoft Visual Studio Solution File, Format Version 10.00
# Visual Studio 2008
Project("{FAE04EC0-301F-11D3-BF4B-00C04F79EFBC}") = "btc_helper", "btc_helper\btc_helper.csproj", "{3847AE63-AD7F-420D-AE55-A77D203C3356}"
EndProject
Global
	GlobalSection(SolutionConfigurationPlatforms) = preSolution
		Debug|Any CPU = Debug|Any CPU
		Release|Any CPU = Release|Any CPU
	EndGlobalSection
	GlobalSection(ProjectConfigurationPlatforms) = postSolution
		{3847AE63-AD7F-420D-AE55-A77D203C3356}.Debug|Any CPU.ActiveCfg = Debug|Any CPU
		{3847AE63-AD7F-420D-AE55-A77D203C3356}.Debug|Any CPU.Build.0 = Debug|Any CPU
		{3847AE63-AD7F-420D-AE55-A77D203C3356}.Release|Any CPU.ActiveCfg = Release|Any CPU
		{3847AE63-AD7F-420D-AE55-A77D203C3356}.Release|Any CPU.Build.0 = Release|Any CPU
	EndGlobalSection
	GlobalSection(SolutionProperties) = preSolution
		HideSolutionNode = FALSE
	EndGlobalSection
EndGlobal
